
Microsoft Visual Studio Solution File, Format Version 12.00
# Visual Studio Version 16
VisualStudioVersion = 16.0.33214.272
MinimumVisualStudioVersion = 10.0.40219.1
Project("{FAE04EC0-301F-11D3-BF4B-00C04F79EFBC}") = "animAX", "animAX\animAX.csproj", "{DCCF9AE5-895B-4A58-BBD6-8ECE2ACE1B11}"
EndProject
Global
	GlobalSection(SolutionConfigurationPlatforms) = preSolution
		Debug|Any CPU = Debug|Any CPU
		Release|Any CPU = Release|Any CPU
	EndGlobalSection
	GlobalSection(ProjectConfigurationPlatforms) = postSolution
		{DCCF9AE5-895B-4A58-BBD6-8ECE2ACE1B11}.Debug|Any CPU.ActiveCfg = Debug|Any CPU
		{DCCF9AE5-895B-4A58-BBD6-8ECE2ACE1B11}.Debug|Any CPU.Build.0 = Debug|Any CPU
		{DCCF9AE5-895B-4A58-BBD6-8ECE2ACE1B11}.Release|Any CPU.ActiveCfg = Release|Any CPU
		{DCCF9AE5-895B-4A58-BBD6-8ECE2ACE1B11}.Release|Any CPU.Build.0 = Release|Any CPU
	EndGlobalSection
	GlobalSection(SolutionProperties) = preSolution
		HideSolutionNode = FALSE
	EndGlobalSection
	GlobalSection(ExtensibilityGlobals) = postSolution
		SolutionGuid = {3C8C3F4D-DAF8-4A93-8730-DA3245DB05DD}
	EndGlobalSection
EndGlobal
